{
  "object": {
    "pins": [
      {
        "package": "swift-ast",
        "repositoryURL": "https://github.com/yanagiba/swift-ast.git",
        "state": {
          "branch": null,
          "revision": "e8507d78b32dbd33ea5ea975bbbc82b7613870a1",
          "version": "0.19.9"
        }
      },
      {
        "package": "SwiftDiagramComponentsGenerator",
        "repositoryURL": "https://github.com/CommanderPho/SwiftDiagramComponentsGenerator.git",
        "state": {
          "branch": null,
          "revision": "d17bb708c3db4df52a7ccbe94d15b6729fe1eb68",
          "version": "0.0.1"
        }
      }
    ]
  },
  "version": 1
}
